
Microsoft Visual Studio Solution File, Format Version 12.00
# Visual Studio Version 17
VisualStudioVersion = 17.6.33829.357
MinimumVisualStudioVersion = 10.0.40219.1
Project("{9A19103F-16F7-4668-BE54-9A1E7A4F7556}") = "TelephoneApp", "TelephoneApp.csproj", "{CFFD6237-E099-43AF-A937-9388060C6B83}"
EndProject
Project("{FAE04EC0-301F-11D3-BF4B-00C04F79EFBC}") = "TelephoneAppTest", "..\TelephoneAppTest\TelephoneAppTest.csproj", "{83017BB1-5579-421D-AF45-D62632A69807}"
EndProject
Global
	GlobalSection(SolutionConfigurationPlatforms) = preSolution
		Debug|Any CPU = Debug|Any CPU
		Release|Any CPU = Release|Any CPU
	EndGlobalSection
	GlobalSection(ProjectConfigurationPlatforms) = postSolution
		{CFFD6237-E099-43AF-A937-9388060C6B83}.Debug|Any CPU.ActiveCfg = Debug|Any CPU
		{CFFD6237-E099-43AF-A937-9388060C6B83}.Debug|Any CPU.Build.0 = Debug|Any CPU
		{CFFD6237-E099-43AF-A937-9388060C6B83}.Release|Any CPU.ActiveCfg = Release|Any CPU
		{CFFD6237-E099-43AF-A937-9388060C6B83}.Release|Any CPU.Build.0 = Release|Any CPU
		{83017BB1-5579-421D-AF45-D62632A69807}.Debug|Any CPU.ActiveCfg = Debug|Any CPU
		{83017BB1-5579-421D-AF45-D62632A69807}.Debug|Any CPU.Build.0 = Debug|Any CPU
		{83017BB1-5579-421D-AF45-D62632A69807}.Release|Any CPU.ActiveCfg = Release|Any CPU
		{83017BB1-5579-421D-AF45-D62632A69807}.Release|Any CPU.Build.0 = Release|Any CPU
	EndGlobalSection
	GlobalSection(SolutionProperties) = preSolution
		HideSolutionNode = FALSE
	EndGlobalSection
	GlobalSection(ExtensibilityGlobals) = postSolution
		SolutionGuid = {D5A731EE-841B-4AE6-9BEB-C21A38B0C753}
	EndGlobalSection
EndGlobal
